
Microsoft Visual Studio Solution File, Format Version 12.00
# Visual Studio Version 16
VisualStudioVersion = 16.0.31702.278
MinimumVisualStudioVersion = 10.0.40219.1
Project("{FAE04EC0-301F-11D3-BF4B-00C04F79EFBC}") = "KerridgeCommercialSystem", "KerridgeCommercialSystem\KerridgeCommercialSystem.csproj", "{8239B907-F396-439A-895A-C8958C3492AD}"
EndProject
Global
	GlobalSection(SolutionConfigurationPlatforms) = preSolution
		Debug|Any CPU = Debug|Any CPU
		Release|Any CPU = Release|Any CPU
	EndGlobalSection
	GlobalSection(ProjectConfigurationPlatforms) = postSolution
		{8239B907-F396-439A-895A-C8958C3492AD}.Debug|Any CPU.ActiveCfg = Debug|Any CPU
		{8239B907-F396-439A-895A-C8958C3492AD}.Debug|Any CPU.Build.0 = Debug|Any CPU
		{8239B907-F396-439A-895A-C8958C3492AD}.Release|Any CPU.ActiveCfg = Release|Any CPU
		{8239B907-F396-439A-895A-C8958C3492AD}.Release|Any CPU.Build.0 = Release|Any CPU
	EndGlobalSection
	GlobalSection(SolutionProperties) = preSolution
		HideSolutionNode = FALSE
	EndGlobalSection
	GlobalSection(ExtensibilityGlobals) = postSolution
		SolutionGuid = {A222BA18-3762-4814-BCC3-8E7B58CBF567}
	EndGlobalSection
EndGlobal
